
Microsoft Visual Studio Solution File, Format Version 12.00
# Visual Studio Version 16
VisualStudioVersion = 16.0.29728.190
MinimumVisualStudioVersion = 15.0.26124.0
Project("{9A19103F-16F7-4668-BE54-9A1E7A4F7556}") = "NinjaAPI", "src\NinjaAPI\NinjaAPI.csproj", "{1FAF16E5-FC9D-4757-AE9E-BB05B8F65BB6}"
EndProject
Project("{9A19103F-16F7-4668-BE54-9A1E7A4F7556}") = "NinjaAPI.Tests", "test\NinjaAPI.Tests\NinjaAPI.Tests.csproj", "{F821A3EC-B7C2-403B-ABF6-37477E367AAD}"
EndProject
Project("{9A19103F-16F7-4668-BE54-9A1E7A4F7556}") = "IntegrationTests", "test\IntegrationTests\IntegrationTests.csproj", "{8FA6C886-B7B0-4F4D-9BD1-5BDFF7CA1454}"
EndProject
Global
	GlobalSection(SolutionConfigurationPlatforms) = preSolution
		Debug|Any CPU = Debug|Any CPU
		Debug|x64 = Debug|x64
		Debug|x86 = Debug|x86
		Release|Any CPU = Release|Any CPU
		Release|x64 = Release|x64
		Release|x86 = Release|x86
	EndGlobalSection
	GlobalSection(ProjectConfigurationPlatforms) = postSolution
		{1FAF16E5-FC9D-4757-AE9E-BB05B8F65BB6}.Debug|Any CPU.ActiveCfg = Debug|Any CPU
		{1FAF16E5-FC9D-4757-AE9E-BB05B8F65BB6}.Debug|Any CPU.Build.0 = Debug|Any CPU
		{1FAF16E5-FC9D-4757-AE9E-BB05B8F65BB6}.Debug|x64.ActiveCfg = Debug|Any CPU
		{1FAF16E5-FC9D-4757-AE9E-BB05B8F65BB6}.Debug|x64.Build.0 = Debug|Any CPU
		{1FAF16E5-FC9D-4757-AE9E-BB05B8F65BB6}.Debug|x86.ActiveCfg = Debug|Any CPU
		{1FAF16E5-FC9D-4757-AE9E-BB05B8F65BB6}.Debug|x86.Build.0 = Debug|Any CPU
		{1FAF16E5-FC9D-4757-AE9E-BB05B8F65BB6}.Release|Any CPU.ActiveCfg = Release|Any CPU
		{1FAF16E5-FC9D-4757-AE9E-BB05B8F65BB6}.Release|Any CPU.Build.0 = Release|Any CPU
		{1FAF16E5-FC9D-4757-AE9E-BB05B8F65BB6}.Release|x64.ActiveCfg = Release|Any CPU
		{1FAF16E5-FC9D-4757-AE9E-BB05B8F65BB6}.Release|x64.Build.0 = Release|Any CPU
		{1FAF16E5-FC9D-4757-AE9E-BB05B8F65BB6}.Release|x86.ActiveCfg = Release|Any CPU
		{1FAF16E5-FC9D-4757-AE9E-BB05B8F65BB6}.Release|x86.Build.0 = Release|Any CPU
		{F821A3EC-B7C2-403B-ABF6-37477E367AAD}.Debug|Any CPU.ActiveCfg = Debug|Any CPU
		{F821A3EC-B7C2-403B-ABF6-37477E367AAD}.Debug|Any CPU.Build.0 = Debug|Any CPU
		{F821A3EC-B7C2-403B-ABF6-37477E367AAD}.Debug|x64.ActiveCfg = Debug|Any CPU
		{F821A3EC-B7C2-403B-ABF6-37477E367AAD}.Debug|x64.Build.0 = Debug|Any CPU
		{F821A3EC-B7C2-403B-ABF6-37477E367AAD}.Debug|x86.ActiveCfg = Debug|Any CPU
		{F821A3EC-B7C2-403B-ABF6-37477E367AAD}.Debug|x86.Build.0 = Debug|Any CPU
		{F821A3EC-B7C2-403B-ABF6-37477E367AAD}.Release|Any CPU.ActiveCfg = Release|Any CPU
		{F821A3EC-B7C2-403B-ABF6-37477E367AAD}.Release|Any CPU.Build.0 = Release|Any CPU
		{F821A3EC-B7C2-403B-ABF6-37477E367AAD}.Release|x64.ActiveCfg = Release|Any CPU
		{F821A3EC-B7C2-403B-ABF6-37477E367AAD}.Release|x64.Build.0 = Release|Any CPU
		{F821A3EC-B7C2-403B-ABF6-37477E367AAD}.Release|x86.ActiveCfg = Release|Any CPU
		{F821A3EC-B7C2-403B-ABF6-37477E367AAD}.Release|x86.Build.0 = Release|Any CPU
		{8FA6C886-B7B0-4F4D-9BD1-5BDFF7CA1454}.Debug|Any CPU.ActiveCfg = Debug|Any CPU
		{8FA6C886-B7B0-4F4D-9BD1-5BDFF7CA1454}.Debug|Any CPU.Build.0 = Debug|Any CPU
		{8FA6C886-B7B0-4F4D-9BD1-5BDFF7CA1454}.Debug|x64.ActiveCfg = Debug|Any CPU
		{8FA6C886-B7B0-4F4D-9BD1-5BDFF7CA1454}.Debug|x64.Build.0 = Debug|Any CPU
		{8FA6C886-B7B0-4F4D-9BD1-5BDFF7CA1454}.Debug|x86.ActiveCfg = Debug|Any CPU
		{8FA6C886-B7B0-4F4D-9BD1-5BDFF7CA1454}.Debug|x86.Build.0 = Debug|Any CPU
		{8FA6C886-B7B0-4F4D-9BD1-5BDFF7CA1454}.Release|Any CPU.ActiveCfg = Release|Any CPU
		{8FA6C886-B7B0-4F4D-9BD1-5BDFF7CA1454}.Release|Any CPU.Build.0 = Release|Any CPU
		{8FA6C886-B7B0-4F4D-9BD1-5BDFF7CA1454}.Release|x64.ActiveCfg = Release|Any CPU
		{8FA6C886-B7B0-4F4D-9BD1-5BDFF7CA1454}.Release|x64.Build.0 = Release|Any CPU
		{8FA6C886-B7B0-4F4D-9BD1-5BDFF7CA1454}.Release|x86.ActiveCfg = Release|Any CPU
		{8FA6C886-B7B0-4F4D-9BD1-5BDFF7CA1454}.Release|x86.Build.0 = Release|Any CPU
	EndGlobalSection
	GlobalSection(SolutionProperties) = preSolution
		HideSolutionNode = FALSE
	EndGlobalSection
	GlobalSection(ExtensibilityGlobals) = postSolution
		SolutionGuid = {66F26EF0-2E72-441A-B66A-FC82C9E3477C}
	EndGlobalSection
EndGlobal
