
Microsoft Visual Studio Solution File, Format Version 12.00
# Visual Studio 15
VisualStudioVersion = 15.0.26730.16
MinimumVisualStudioVersion = 15.0.26124.0
Project("{FAE04EC0-301F-11D3-BF4B-00C04F79EFBC}") = "NinjaAPI.Tests", "test\NinjaAPI.Tests\NinjaAPI.Tests.csproj", "{29EA6274-0DBA-4FCE-9158-9014C392757B}"
EndProject
Project("{FAE04EC0-301F-11D3-BF4B-00C04F79EFBC}") = "NinjaAPI", "src\NinjaAPI\NinjaAPI.csproj", "{1FAF16E5-FC9D-4757-AE9E-BB05B8F65BB6}"
EndProject
Global
	GlobalSection(SolutionConfigurationPlatforms) = preSolution
		Debug|Any CPU = Debug|Any CPU
		Debug|x64 = Debug|x64
		Debug|x86 = Debug|x86
		Release|Any CPU = Release|Any CPU
		Release|x64 = Release|x64
		Release|x86 = Release|x86
	EndGlobalSection
	GlobalSection(ProjectConfigurationPlatforms) = postSolution
		{29EA6274-0DBA-4FCE-9158-9014C392757B}.Debug|Any CPU.ActiveCfg = Debug|Any CPU
		{29EA6274-0DBA-4FCE-9158-9014C392757B}.Debug|Any CPU.Build.0 = Debug|Any CPU
		{29EA6274-0DBA-4FCE-9158-9014C392757B}.Debug|x64.ActiveCfg = Debug|Any CPU
		{29EA6274-0DBA-4FCE-9158-9014C392757B}.Debug|x64.Build.0 = Debug|Any CPU
		{29EA6274-0DBA-4FCE-9158-9014C392757B}.Debug|x86.ActiveCfg = Debug|Any CPU
		{29EA6274-0DBA-4FCE-9158-9014C392757B}.Debug|x86.Build.0 = Debug|Any CPU
		{29EA6274-0DBA-4FCE-9158-9014C392757B}.Release|Any CPU.ActiveCfg = Release|Any CPU
		{29EA6274-0DBA-4FCE-9158-9014C392757B}.Release|Any CPU.Build.0 = Release|Any CPU
		{29EA6274-0DBA-4FCE-9158-9014C392757B}.Release|x64.ActiveCfg = Release|Any CPU
		{29EA6274-0DBA-4FCE-9158-9014C392757B}.Release|x64.Build.0 = Release|Any CPU
		{29EA6274-0DBA-4FCE-9158-9014C392757B}.Release|x86.ActiveCfg = Release|Any CPU
		{29EA6274-0DBA-4FCE-9158-9014C392757B}.Release|x86.Build.0 = Release|Any CPU
		{1FAF16E5-FC9D-4757-AE9E-BB05B8F65BB6}.Debug|Any CPU.ActiveCfg = Debug|Any CPU
		{1FAF16E5-FC9D-4757-AE9E-BB05B8F65BB6}.Debug|Any CPU.Build.0 = Debug|Any CPU
		{1FAF16E5-FC9D-4757-AE9E-BB05B8F65BB6}.Debug|x64.ActiveCfg = Debug|Any CPU
		{1FAF16E5-FC9D-4757-AE9E-BB05B8F65BB6}.Debug|x64.Build.0 = Debug|Any CPU
		{1FAF16E5-FC9D-4757-AE9E-BB05B8F65BB6}.Debug|x86.ActiveCfg = Debug|Any CPU
		{1FAF16E5-FC9D-4757-AE9E-BB05B8F65BB6}.Debug|x86.Build.0 = Debug|Any CPU
		{1FAF16E5-FC9D-4757-AE9E-BB05B8F65BB6}.Release|Any CPU.ActiveCfg = Release|Any CPU
		{1FAF16E5-FC9D-4757-AE9E-BB05B8F65BB6}.Release|Any CPU.Build.0 = Release|Any CPU
		{1FAF16E5-FC9D-4757-AE9E-BB05B8F65BB6}.Release|x64.ActiveCfg = Release|Any CPU
		{1FAF16E5-FC9D-4757-AE9E-BB05B8F65BB6}.Release|x64.Build.0 = Release|Any CPU
		{1FAF16E5-FC9D-4757-AE9E-BB05B8F65BB6}.Release|x86.ActiveCfg = Release|Any CPU
		{1FAF16E5-FC9D-4757-AE9E-BB05B8F65BB6}.Release|x86.Build.0 = Release|Any CPU
	EndGlobalSection
	GlobalSection(SolutionProperties) = preSolution
		HideSolutionNode = FALSE
	EndGlobalSection
	GlobalSection(ExtensibilityGlobals) = postSolution
		SolutionGuid = {66F26EF0-2E72-441A-B66A-FC82C9E3477C}
	EndGlobalSection
EndGlobal
